
Microsoft Visual Studio Solution File, Format Version 12.00
# Visual Studio Version 17
VisualStudioVersion = 17.0.31903.59
MinimumVisualStudioVersion = 10.0.40219.1
Project("{FAE04EC0-301F-11D3-BF4B-00C04F79EFBC}") = "Homework_5_25.Web", "Homework_5_25.Web\Homework_5_25.Web.csproj", "{3E186F0C-433A-4205-8C42-8F8625CC3D18}"
EndProject
Project("{FAE04EC0-301F-11D3-BF4B-00C04F79EFBC}") = "Homework_5_25.Data", "Homework_5_25.Data\Homework_5_25.Data.csproj", "{B6058503-096C-483A-A827-CAB25AC4D5FC}"
EndProject
Global
	GlobalSection(SolutionConfigurationPlatforms) = preSolution
		Debug|Any CPU = Debug|Any CPU
		Debug|x64 = Debug|x64
		Debug|x86 = Debug|x86
		Release|Any CPU = Release|Any CPU
		Release|x64 = Release|x64
		Release|x86 = Release|x86
	EndGlobalSection
	GlobalSection(ProjectConfigurationPlatforms) = postSolution
		{3E186F0C-433A-4205-8C42-8F8625CC3D18}.Debug|Any CPU.ActiveCfg = Debug|Any CPU
		{3E186F0C-433A-4205-8C42-8F8625CC3D18}.Debug|Any CPU.Build.0 = Debug|Any CPU
		{3E186F0C-433A-4205-8C42-8F8625CC3D18}.Debug|x64.ActiveCfg = Debug|Any CPU
		{3E186F0C-433A-4205-8C42-8F8625CC3D18}.Debug|x64.Build.0 = Debug|Any CPU
		{3E186F0C-433A-4205-8C42-8F8625CC3D18}.Debug|x86.ActiveCfg = Debug|Any CPU
		{3E186F0C-433A-4205-8C42-8F8625CC3D18}.Debug|x86.Build.0 = Debug|Any CPU
		{3E186F0C-433A-4205-8C42-8F8625CC3D18}.Release|Any CPU.ActiveCfg = Release|Any CPU
		{3E186F0C-433A-4205-8C42-8F8625CC3D18}.Release|Any CPU.Build.0 = Release|Any CPU
		{3E186F0C-433A-4205-8C42-8F8625CC3D18}.Release|x64.ActiveCfg = Release|Any CPU
		{3E186F0C-433A-4205-8C42-8F8625CC3D18}.Release|x64.Build.0 = Release|Any CPU
		{3E186F0C-433A-4205-8C42-8F8625CC3D18}.Release|x86.ActiveCfg = Release|Any CPU
		{3E186F0C-433A-4205-8C42-8F8625CC3D18}.Release|x86.Build.0 = Release|Any CPU
		{B6058503-096C-483A-A827-CAB25AC4D5FC}.Debug|Any CPU.ActiveCfg = Debug|Any CPU
		{B6058503-096C-483A-A827-CAB25AC4D5FC}.Debug|Any CPU.Build.0 = Debug|Any CPU
		{B6058503-096C-483A-A827-CAB25AC4D5FC}.Debug|x64.ActiveCfg = Debug|Any CPU
		{B6058503-096C-483A-A827-CAB25AC4D5FC}.Debug|x64.Build.0 = Debug|Any CPU
		{B6058503-096C-483A-A827-CAB25AC4D5FC}.Debug|x86.ActiveCfg = Debug|Any CPU
		{B6058503-096C-483A-A827-CAB25AC4D5FC}.Debug|x86.Build.0 = Debug|Any CPU
		{B6058503-096C-483A-A827-CAB25AC4D5FC}.Release|Any CPU.ActiveCfg = Release|Any CPU
		{B6058503-096C-483A-A827-CAB25AC4D5FC}.Release|Any CPU.Build.0 = Release|Any CPU
		{B6058503-096C-483A-A827-CAB25AC4D5FC}.Release|x64.ActiveCfg = Release|Any CPU
		{B6058503-096C-483A-A827-CAB25AC4D5FC}.Release|x64.Build.0 = Release|Any CPU
		{B6058503-096C-483A-A827-CAB25AC4D5FC}.Release|x86.ActiveCfg = Release|Any CPU
		{B6058503-096C-483A-A827-CAB25AC4D5FC}.Release|x86.Build.0 = Release|Any CPU
	EndGlobalSection
	GlobalSection(SolutionProperties) = preSolution
		HideSolutionNode = FALSE
	EndGlobalSection
EndGlobal
